<?xml version="1.0" encoding="utf-8"?>
<Project ToolsVersion="4.0" xmlns="http://schemas.microsoft.com/developer/msbuild/2003">
  <ItemGroup>
    <Filter Include="Source Files">
      <UniqueIdentifier>{4FC737F1-C7A5-4376-A066-2A32D752A2FF}</UniqueIdentifier>
      <Extensions>cpp;c;cc;cxx;def;odl;idl;hpj;bat;asm;asmx</Extensions>
    </Filter>
    <Filter Include="Header Files">
      <UniqueIdentifier>{93995380-89BD-4b04-88EB-625FBE52EBFB}</UniqueIdentifier>
      <Extensions>h;hpp;hxx;hm;inl;inc;xsd</Extensions>
    </Filter>
    <Filter Include="Resource Files">
      <UniqueIdentifier>{67DA6AB6-F800-4c08-8B7A-83BB121AAD01}</UniqueIdentifier>
      <Extensions>rc;ico;cur;bmp;dlg;rc2;rct;bin;rgs;gif;jpg;jpeg;jpe;resx;tiff;tif;png;wav;mfcribbon-ms</Extensions>
    </Filter>
    <Filter Include="Source Files\vm">
      <UniqueIdentifier>{4c710a35-3cf1-4825-8bd4-31bd8184e7e5}</UniqueIdentifier>
    </Filter>
    <Filter Include="Header Files\vm">
      <UniqueIdentifier>{07fe0c5f-47f4-4008-83c6-26e674fbcd2f}</UniqueIdentifier>
    </Filter>
    <Filter Include="Source Files\win">
      <UniqueIdentifier>{6d1ab0d7-afc6-45d6-8b86-de04be7f5a8d}</UniqueIdentifier>
    </Filter>
    <Filter Include="Header Files\win">
      <UniqueIdentifier>{561bc8e6-4a0e-462a-9b51-548c4e206489}</UniqueIdentifier>
    </Filter>
  </ItemGroup>
  <ItemGroup>
    <ClInclude Include="include\message_queue.h">
      <Filter>Header Files</Filter>
    </ClInclude>
    <ClInclude Include="include\mfx_samples_config.h">
      <Filter>Header Files</Filter>
    </ClInclude>
    <ClInclude Include="include\mfxdefs.h">
      <Filter>Header Files</Filter>
    </ClInclude>
    <ClInclude Include="include\remote_screen.h">
      <Filter>Header Files</Filter>
    </ClInclude>
    <ClInclude Include="include\vm\thread_defs.h">
      <Filter>Header Files\vm</Filter>
    </ClInclude>
    <ClInclude Include="include\remote_bit_stream_reader.h">
      <Filter>Header Files</Filter>
    </ClInclude>
    <ClInclude Include="include\h264_stream_decoder.h">
      <Filter>Header Files</Filter>
    </ClInclude>
    <ClInclude Include="include\channel.h">
      <Filter>Header Files</Filter>
    </ClInclude>
    <ClInclude Include="include\win\win_channel_impl.h">
      <Filter>Header Files\win</Filter>
    </ClInclude>
    <ClInclude Include="include\logger.h">
      <Filter>Header Files</Filter>
    </ClInclude>
    <ClInclude Include="resource.h">
      <Filter>Header Files</Filter>
    </ClInclude>
    <ClInclude Include="include\h264_stream_parser.h">
      <Filter>Header Files</Filter>
    </ClInclude>
    <ClInclude Include="include\statistics.h">
      <Filter>Header Files</Filter>
    </ClInclude>
    <ClInclude Include="include\video_stream_parser.h">
      <Filter>Header Files</Filter>
    </ClInclude>
    <ClInclude Include="include\remote_bit_stream_monitor.h">
      <Filter>Header Files</Filter>
    </ClInclude>
  </ItemGroup>
  <ItemGroup>
    <ClCompile Include="src\libremote_screen.cpp">
      <Filter>Source Files</Filter>
    </ClCompile>
    <ClCompile Include="src\message_queue.cpp">
      <Filter>Source Files</Filter>
    </ClCompile>
    <ClCompile Include="src\vm\thread.cpp">
      <Filter>Source Files\vm</Filter>
    </ClCompile>
    <ClCompile Include="src\remote_bit_stream_reader.cpp">
      <Filter>Source Files</Filter>
    </ClCompile>
    <ClCompile Include="src\h264_stream_decoder.cpp">
      <Filter>Source Files</Filter>
    </ClCompile>
    <ClCompile Include="src\channel.cpp">
      <Filter>Source Files</Filter>
    </ClCompile>
    <ClCompile Include="src\win\win_channel_impl.cpp">
      <Filter>Source Files\win</Filter>
    </ClCompile>
    <ClCompile Include="src\logger.cpp">
      <Filter>Source Files</Filter>
    </ClCompile>
    <ClCompile Include="src\h264_stream_parser.cpp">
      <Filter>Source Files</Filter>
    </ClCompile>
    <ClCompile Include="src\statistics.cpp">
      <Filter>Source Files</Filter>
    </ClCompile>
    <ClCompile Include="src\remote_bit_stream_monitor.cpp">
      <Filter>Source Files</Filter>
    </ClCompile>
  </ItemGroup>
  <ItemGroup>
    <ResourceCompile Include="libremote_screen.rc">
      <Filter>Resource Files</Filter>
    </ResourceCompile>
  </ItemGroup>
</Project>