
Microsoft Visual Studio Solution File, Format Version 12.00
# Visual Studio 2012
Project("{888888A0-9F3D-457C-B088-3A5042F75D52}") = "Scripts", "Scripts\Scripts.pyproj", "{962FA601-BAD5-419B-A0B1-8BD6C28B9889}"
EndProject
Project("{2150E333-8FDC-42A3-9474-1A3956D46DE8}") = "Solution Items", "Solution Items", "{84882234-5B4F-4D24-BCC4-1A659FDE4DDD}"
EndProject
Global
	GlobalSection(SolutionConfigurationPlatforms) = preSolution
		Debug|Any CPU = Debug|Any CPU
		Release|Any CPU = Release|Any CPU
	EndGlobalSection
	GlobalSection(ProjectConfigurationPlatforms) = postSolution
		{962FA601-BAD5-419B-A0B1-8BD6C28B9889}.Debug|Any CPU.ActiveCfg = Debug|Any CPU
		{962FA601-BAD5-419B-A0B1-8BD6C28B9889}.Release|Any CPU.ActiveCfg = Release|Any CPU
	EndGlobalSection
	GlobalSection(SolutionProperties) = preSolution
		HideSolutionNode = FALSE
	EndGlobalSection
EndGlobal
